// !$*UTF8*$!
{
	archiveVersion = 1;
	classes = {
	};
	objectVersion = 77;
	objects = {

/* Begin PBXBuildFile section */
		7F126B912FD89F5F00295A85 /* FirebaseAnalytics in Frameworks */ = {isa = PBXBuildFile; productRef = 7F126B902FD89F5F00295A85 /* FirebaseAnalytics */; };
		7F126B932FD89F5F00295A85 /* FirebaseAnalyticsCore in Frameworks */ = {isa = PBXBuildFile; productRef = 7F126B922FD89F5F00295A85 /* FirebaseAnalyticsCore */; };
		7F126B952FD89F5F00295A85 /* FirebaseAppCheck in Frameworks */ = {isa = PBXBuildFile; productRef = 7F126B942FD89F5F00295A85 /* FirebaseAppCheck */; };
		7F126B972FD89F5F00295A85 /* FirebaseAuth in Frameworks */ = {isa = PBXBuildFile; productRef = 7F126B962FD89F5F00295A85 /* FirebaseAuth */; };
		7F126B992FD89F5F00295A85 /* FirebaseCore in Frameworks */ = {isa = PBXBuildFile; productRef = 7F126B982FD89F5F00295A85 /* FirebaseCore */; };
		7F126B9B2FD89F5F00295A85 /* FirebaseCrashlytics in Frameworks */ = {isa = PBXBuildFile; productRef = 7F126B9A2FD89F5F00295A85 /* FirebaseCrashlytics */; };
		7F126B9D2FD89F5F00295A85 /* FirebaseDatabase in Frameworks */ = {isa = PBXBuildFile; productRef = 7F126B9C2FD89F5F00295A85 /* FirebaseDatabase */; };
		7F126B9F2FD89F5F00295A85 /* FirebaseFirestore in Frameworks */ = {isa = PBXBuildFile; productRef = 7F126B9E2FD89F5F00295A85 /* FirebaseFirestore */; };
		7F126BA12FD89F5F00295A85 /* FirebaseFunctions in Frameworks */ = {isa = PBXBuildFile; productRef = 7F126BA02FD89F5F00295A85 /* FirebaseFunctions */; };
		7F126BA32FD89F5F00295A85 /* FirebaseInAppMessaging-Beta in Frameworks */ = {isa = PBXBuildFile; productRef = 7F126BA22FD89F5F00295A85 /* FirebaseInAppMessaging-Beta */; };
		7F126BA52FD89F5F00295A85 /* FirebaseMessaging in Frameworks */ = {isa = PBXBuildFile; productRef = 7F126BA42FD89F5F00295A85 /* FirebaseMessaging */; };
		7F126BA72FD89F5F00295A85 /* FirebaseRemoteConfig in Frameworks */ = {isa = PBXBuildFile; productRef = 7F126BA62FD89F5F00295A85 /* FirebaseRemoteConfig */; };
		7F126BA92FD89F5F00295A85 /* FirebaseStorage in Frameworks */ = {isa = PBXBuildFile; productRef = 7F126BA82FD89F5F00295A85 /* FirebaseStorage */; };
		7F126BAC2FD89FA100295A85 /* GoogleSignIn in Frameworks */ = {isa = PBXBuildFile; productRef = 7F126BAB2FD89FA100295A85 /* GoogleSignIn */; };
		7F126BAE2FD89FA100295A85 /* GoogleSignInSwift in Frameworks */ = {isa = PBXBuildFile; productRef = 7F126BAD2FD89FA100295A85 /* GoogleSignInSwift */; };
		7F126BB12FD89FDC00295A85 /* GoogleMobileAds in Frameworks */ = {isa = PBXBuildFile; productRef = 7F126BB02FD89FDC00295A85 /* GoogleMobileAds */; };
/* End PBXBuildFile section */

/* Begin PBXFileReference section */
		090809361E6C59C8471911DE /* Municion.app */ = {isa = PBXFileReference; explicitFileType = wrapper.application; includeInIndex = 0; path = Municion.app; sourceTree = BUILT_PRODUCTS_DIR; };
/* End PBXFileReference section */

/* Begin PBXFileSystemSynchronizedBuildFileExceptionSet section */
		361C549AA650BE0FE7113596 /* Exceptions for "iosApp" folder in "iosApp" target */ = {
			isa = PBXFileSystemSynchronizedBuildFileExceptionSet;
			membershipExceptions = (
				Info.plist,
			);
			target = 5A8A75B3BF5822C326B5ED09 /* iosApp */;
		};
/* End PBXFileSystemSynchronizedBuildFileExceptionSet section */

/* Begin PBXFileSystemSynchronizedRootGroup section */
		09D5240506C906C063F6C5A8 /* iosApp */ = {
			isa = PBXFileSystemSynchronizedRootGroup;
			exceptions = (
				361C549AA650BE0FE7113596 /* Exceptions for "iosApp" folder in "iosApp" target */,
			);
			path = iosApp;
			sourceTree = "<group>";
		};
		A4A50A29FBFB1C95BE02ED27 /* Configuration */ = {
			isa = PBXFileSystemSynchronizedRootGroup;
			path = Configuration;
			sourceTree = "<group>";
		};
/* End PBXFileSystemSynchronizedRootGroup section */

/* Begin PBXFrameworksBuildPhase section */
		4FF3128D43ED06683E332113 /* Frameworks */ = {
			isa = PBXFrameworksBuildPhase;
			buildActionMask = 2147483647;
			files = (
				7F126BAE2FD89FA100295A85 /* GoogleSignInSwift in Frameworks */,
				7F126B912FD89F5F00295A85 /* FirebaseAnalytics in Frameworks */,
				7F126B992FD89F5F00295A85 /* FirebaseCore in Frameworks */,
				7F126B952FD89F5F00295A85 /* FirebaseAppCheck in Frameworks */,
				7F126BA72FD89F5F00295A85 /* FirebaseRemoteConfig in Frameworks */,
				7F126BA12FD89F5F00295A85 /* FirebaseFunctions in Frameworks */,
				7F126B9B2FD89F5F00295A85 /* FirebaseCrashlytics in Frameworks */,
				7F126B932FD89F5F00295A85 /* FirebaseAnalyticsCore in Frameworks */,
				7F126B9F2FD89F5F00295A85 /* FirebaseFirestore in Frameworks */,
				7F126BA92FD89F5F00295A85 /* FirebaseStorage in Frameworks */,
				7F126B9D2FD89F5F00295A85 /* FirebaseDatabase in Frameworks */,
				7F126B972FD89F5F00295A85 /* FirebaseAuth in Frameworks */,
				7F126BB12FD89FDC00295A85 /* GoogleMobileAds in Frameworks */,
				7F126BA52FD89F5F00295A85 /* FirebaseMessaging in Frameworks */,
				7F126BA32FD89F5F00295A85 /* FirebaseInAppMessaging-Beta in Frameworks */,
				7F126BAC2FD89FA100295A85 /* GoogleSignIn in Frameworks */,
			);
			runOnlyForDeploymentPostprocessing = 0;
		};
/* End PBXFrameworksBuildPhase section */

/* Begin PBXGroup section */
		17C9416CDA869176BF35FA17 /* Products */ = {
			isa = PBXGroup;
			children = (
				090809361E6C59C8471911DE /* Municion.app */,
			);
			name = Products;
			sourceTree = "<group>";
		};
		4782E4C0534D1771C20485AF = {
			isa = PBXGroup;
			children = (
				A4A50A29FBFB1C95BE02ED27 /* Configuration */,
				09D5240506C906C063F6C5A8 /* iosApp */,
				17C9416CDA869176BF35FA17 /* Products */,
			);
			sourceTree = "<group>";
		};
/* End PBXGroup section */

/* Begin PBXNativeTarget section */
		5A8A75B3BF5822C326B5ED09 /* iosApp */ = {
			isa = PBXNativeTarget;
			buildConfigurationList = 851A5E3A824AFDF7661B19B1 /* Build configuration list for PBXNativeTarget "iosApp" */;
			buildPhases = (
				4A3E07FBF460EE19646D9A0D /* Compile Kotlin Framework */,
				47A9ED38E9DC66CC90FEE385 /* Sources */,
				4FF3128D43ED06683E332113 /* Frameworks */,
				CB55980F09333A07F02D1597 /* Resources */,
			);
			buildRules = (
			);
			dependencies = (
			);
			fileSystemSynchronizedGroups = (
				09D5240506C906C063F6C5A8 /* iosApp */,
			);
			name = iosApp;
			packageProductDependencies = (
				7F126B902FD89F5F00295A85 /* FirebaseAnalytics */,
				7F126B922FD89F5F00295A85 /* FirebaseAnalyticsCore */,
				7F126B942FD89F5F00295A85 /* FirebaseAppCheck */,
				7F126B962FD89F5F00295A85 /* FirebaseAuth */,
				7F126B982FD89F5F00295A85 /* FirebaseCore */,
				7F126B9A2FD89F5F00295A85 /* FirebaseCrashlytics */,
				7F126B9C2FD89F5F00295A85 /* FirebaseDatabase */,
				7F126B9E2FD89F5F00295A85 /* FirebaseFirestore */,
				7F126BA02FD89F5F00295A85 /* FirebaseFunctions */,
				7F126BA22FD89F5F00295A85 /* FirebaseInAppMessaging-Beta */,
				7F126BA42FD89F5F00295A85 /* FirebaseMessaging */,
				7F126BA62FD89F5F00295A85 /* FirebaseRemoteConfig */,
				7F126BA82FD89F5F00295A85 /* FirebaseStorage */,
				7F126BAB2FD89FA100295A85 /* GoogleSignIn */,
				7F126BAD2FD89FA100295A85 /* GoogleSignInSwift */,
				7F126BB02FD89FDC00295A85 /* GoogleMobileAds */,
			);
			productName = iosApp;
			productReference = 090809361E6C59C8471911DE /* Municion.app */;
			productType = "com.apple.product-type.application";
		};
/* End PBXNativeTarget section */

/* Begin PBXProject section */
		3706FC9BAB6F4EB9E3152762 /* Project object */ = {
			isa = PBXProject;
			attributes = {
				BuildIndependentTargetsInParallel = 1;
				LastSwiftUpdateCheck = 1620;
				LastUpgradeCheck = 1620;
				TargetAttributes = {
					5A8A75B3BF5822C326B5ED09 = {
						CreatedOnToolsVersion = 16.2;
					};
				};
			};
			buildConfigurationList = 81295A45D66568BC6F22C86E /* Build configuration list for PBXProject "iosApp" */;
			developmentRegion = en;
			hasScannedForEncodings = 0;
			knownRegions = (
				en,
				Base,
			);
			mainGroup = 4782E4C0534D1771C20485AF;
			minimizedProjectReferenceProxies = 1;
			packageReferences = (
				7F126B8F2FD89F5E00295A85 /* XCRemoteSwiftPackageReference "firebase-ios-sdk" */,
				7F126BAA2FD89FA100295A85 /* XCRemoteSwiftPackageReference "GoogleSignIn-iOS" */,
				7F126BAF2FD89FDC00295A85 /* XCRemoteSwiftPackageReference "swift-package-manager-google-mobile-ads" */,
			);
			preferredProjectObjectVersion = 77;
			productRefGroup = 17C9416CDA869176BF35FA17 /* Products */;
			projectDirPath = "";
			projectRoot = "";
			targets = (
				5A8A75B3BF5822C326B5ED09 /* iosApp */,
			);
		};
/* End PBXProject section */

/* Begin PBXResourcesBuildPhase section */
		CB55980F09333A07F02D1597 /* Resources */ = {
			isa = PBXResourcesBuildPhase;
			buildActionMask = 2147483647;
			files = (
			);
			runOnlyForDeploymentPostprocessing = 0;
		};
/* End PBXResourcesBuildPhase section */

/* Begin PBXShellScriptBuildPhase section */
		4A3E07FBF460EE19646D9A0D /* Compile Kotlin Framework */ = {
			isa = PBXShellScriptBuildPhase;
			alwaysOutOfDate = 1;
			buildActionMask = 2147483647;
			files = (
			);
			inputFileListPaths = (
			);
			inputPaths = (
			);
			name = "Compile Kotlin Framework";
			outputFileListPaths = (
			);
			outputPaths = (
			);
			runOnlyForDeploymentPostprocessing = 0;
			shellPath = /bin/sh;
			shellScript = "if [ \"YES\" = \"$OVERRIDE_KOTLIN_BUILD_IDE_SUPPORTED\" ]; then\n  echo \"Skipping Gradle build task invocation due to OVERRIDE_KOTLIN_BUILD_IDE_SUPPORTED environment variable set to \\\"YES\\\"\"\n  exit 0\nfi\ncd \"$SRCROOT/..\"\n./gradlew :shared:embedAndSignAppleFrameworkForXcode\n";
		};
/* End PBXShellScriptBuildPhase section */

/* Begin PBXSourcesBuildPhase section */
		47A9ED38E9DC66CC90FEE385 /* Sources */ = {
			isa = PBXSourcesBuildPhase;
			buildActionMask = 2147483647;
			files = (
			);
			runOnlyForDeploymentPostprocessing = 0;
		};
/* End PBXSourcesBuildPhase section */

/* Begin XCBuildConfiguration section */
		62D82A8375173FE417A2742F /* Release */ = {
			isa = XCBuildConfiguration;
			baseConfigurationReferenceAnchor = A4A50A29FBFB1C95BE02ED27 /* Configuration */;
			baseConfigurationReferenceRelativePath = Config.xcconfig;
			buildSettings = {
				ALWAYS_SEARCH_USER_PATHS = NO;
				ASSETCATALOG_COMPILER_GENERATE_SWIFT_ASSET_SYMBOL_EXTENSIONS = YES;
				CLANG_ANALYZER_NONNULL = YES;
				CLANG_ANALYZER_NUMBER_OBJECT_CONVERSION = YES_AGGRESSIVE;
				CLANG_CXX_LANGUAGE_STANDARD = "gnu++20";
				CLANG_ENABLE_MODULES = YES;
				CLANG_ENABLE_OBJC_ARC = YES;
				CLANG_ENABLE_OBJC_WEAK = YES;
				CLANG_WARN_BLOCK_CAPTURE_AUTORELEASING = YES;
				CLANG_WARN_BOOL_CONVERSION = YES;
				CLANG_WARN_COMMA = YES;
				CLANG_WARN_CONSTANT_CONVERSION = YES;
				CLANG_WARN_DEPRECATED_OBJC_IMPLEMENTATIONS = YES;
				CLANG_WARN_DIRECT_OBJC_ISA_USAGE = YES_ERROR;
				CLANG_WARN_DOCUMENTATION_COMMENTS = YES;
				CLANG_WARN_EMPTY_BODY = YES;
				CLANG_WARN_ENUM_CONVERSION = YES;
				CLANG_WARN_INFINITE_RECURSION = YES;
				CLANG_WARN_INT_CONVERSION = YES;
				CLANG_WARN_NON_LITERAL_NULL_CONVERSION = YES;
				CLANG_WARN_OBJC_IMPLICIT_RETAIN_SELF = YES;
				CLANG_WARN_OBJC_LITERAL_CONVERSION = YES;
				CLANG_WARN_OBJC_ROOT_CLASS = YES_ERROR;
				CLANG_WARN_QUOTED_INCLUDE_IN_FRAMEWORK_HEADER = YES;
				CLANG_WARN_RANGE_LOOP_ANALYSIS = YES;
				CLANG_WARN_STRICT_PROTOTYPES = YES;
				CLANG_WARN_SUSPICIOUS_MOVE = YES;
				CLANG_WARN_UNGUARDED_AVAILABILITY = YES_AGGRESSIVE;
				CLANG_WARN_UNREACHABLE_CODE = YES;
				CLANG_WARN__DUPLICATE_METHOD_MATCH = YES;
				COPY_PHASE_STRIP = NO;
				DEBUG_INFORMATION_FORMAT = "dwarf-with-dsym";
				ENABLE_NS_ASSERTIONS = NO;
				ENABLE_STRICT_OBJC_MSGSEND = YES;
				ENABLE_USER_SCRIPT_SANDBOXING = NO;
				GCC_C_LANGUAGE_STANDARD = gnu17;
				GCC_NO_COMMON_BLOCKS = YES;
				GCC_WARN_64_TO_32_BIT_CONVERSION = YES;
				GCC_WARN_ABOUT_RETURN_TYPE = YES_ERROR;
				GCC_WARN_UNDECLARED_SELECTOR = YES;
				GCC_WARN_UNINITIALIZED_AUTOS = YES_AGGRESSIVE;
				GCC_WARN_UNUSED_FUNCTION = YES;
				GCC_WARN_UNUSED_VARIABLE = YES;
				IPHONEOS_DEPLOYMENT_TARGET = 18.2;
				LOCALIZATION_PREFERS_STRING_CATALOGS = YES;
				MTL_ENABLE_DEBUG_INFO = NO;
				MTL_FAST_MATH = YES;
				SDKROOT = iphoneos;
				SWIFT_COMPILATION_MODE = wholemodule;
				VALIDATE_PRODUCT = YES;
			};
			name = Release;
		};
		6683620FFCC433BE74262645 /* Debug */ = {
			isa = XCBuildConfiguration;
			baseConfigurationReferenceAnchor = A4A50A29FBFB1C95BE02ED27 /* Configuration */;
			baseConfigurationReferenceRelativePath = Config.xcconfig;
			buildSettings = {
				ALWAYS_SEARCH_USER_PATHS = NO;
				ASSETCATALOG_COMPILER_GENERATE_SWIFT_ASSET_SYMBOL_EXTENSIONS = YES;
				CLANG_ANALYZER_NONNULL = YES;
				CLANG_ANALYZER_NUMBER_OBJECT_CONVERSION = YES_AGGRESSIVE;
				CLANG_CXX_LANGUAGE_STANDARD = "gnu++20";
				CLANG_ENABLE_MODULES = YES;
				CLANG_ENABLE_OBJC_ARC = YES;
				CLANG_ENABLE_OBJC_WEAK = YES;
				CLANG_WARN_BLOCK_CAPTURE_AUTORELEASING = YES;
				CLANG_WARN_BOOL_CONVERSION = YES;
				CLANG_WARN_COMMA = YES;
				CLANG_WARN_CONSTANT_CONVERSION = YES;
				CLANG_WARN_DEPRECATED_OBJC_IMPLEMENTATIONS = YES;
				CLANG_WARN_DIRECT_OBJC_ISA_USAGE = YES_ERROR;
				CLANG_WARN_DOCUMENTATION_COMMENTS = YES;
				CLANG_WARN_EMPTY_BODY = YES;
				CLANG_WARN_ENUM_CONVERSION = YES;
				CLANG_WARN_INFINITE_RECURSION = YES;
				CLANG_WARN_INT_CONVERSION = YES;
				CLANG_WARN_NON_LITERAL_NULL_CONVERSION = YES;
				CLANG_WARN_OBJC_IMPLICIT_RETAIN_SELF = YES;
				CLANG_WARN_OBJC_LITERAL_CONVERSION = YES;
				CLANG_WARN_OBJC_ROOT_CLASS = YES_ERROR;
				CLANG_WARN_QUOTED_INCLUDE_IN_FRAMEWORK_HEADER = YES;
				CLANG_WARN_RANGE_LOOP_ANALYSIS = YES;
				CLANG_WARN_STRICT_PROTOTYPES = YES;
				CLANG_WARN_SUSPICIOUS_MOVE = YES;
				CLANG_WARN_UNGUARDED_AVAILABILITY = YES_AGGRESSIVE;
				CLANG_WARN_UNREACHABLE_CODE = YES;
				CLANG_WARN__DUPLICATE_METHOD_MATCH = YES;
				COPY_PHASE_STRIP = NO;
				DEBUG_INFORMATION_FORMAT = dwarf;
				ENABLE_STRICT_OBJC_MSGSEND = YES;
				ENABLE_TESTABILITY = YES;
				ENABLE_USER_SCRIPT_SANDBOXING = NO;
				GCC_C_LANGUAGE_STANDARD = gnu17;
				GCC_DYNAMIC_NO_PIC = NO;
				GCC_NO_COMMON_BLOCKS = YES;
				GCC_OPTIMIZATION_LEVEL = 0;
				GCC_PREPROCESSOR_DEFINITIONS = (
					"DEBUG=1",
					"$(inherited)",
				);
				GCC_WARN_64_TO_32_BIT_CONVERSION = YES;
				GCC_WARN_ABOUT_RETURN_TYPE = YES_ERROR;
				GCC_WARN_UNDECLARED_SELECTOR = YES;
				GCC_WARN_UNINITIALIZED_AUTOS = YES_AGGRESSIVE;
				GCC_WARN_UNUSED_FUNCTION = YES;
				GCC_WARN_UNUSED_VARIABLE = YES;
				IPHONEOS_DEPLOYMENT_TARGET = 18.2;
				LOCALIZATION_PREFERS_STRING_CATALOGS = YES;
				MTL_ENABLE_DEBUG_INFO = INCLUDE_SOURCE;
				MTL_FAST_MATH = YES;
				ONLY_ACTIVE_ARCH = YES;
				SDKROOT = iphoneos;
				SWIFT_ACTIVE_COMPILATION_CONDITIONS = "DEBUG $(inherited)";
				SWIFT_OPTIMIZATION_LEVEL = "-Onone";
			};
			name = Debug;
		};
		E0FD8E8A0CEB41B45D1F6200 /* Release */ = {
			isa = XCBuildConfiguration;
			buildSettings = {
				ARCHS = arm64;
				ASSETCATALOG_COMPILER_APPICON_NAME = AppIcon;
				ASSETCATALOG_COMPILER_GLOBAL_ACCENT_COLOR_NAME = AccentColor;
				CODE_SIGN_ENTITLEMENTS = iosApp/iosAppRelease.entitlements;
				CODE_SIGN_IDENTITY = "Apple Distribution";
				"CODE_SIGN_IDENTITY[sdk=iphoneos*]" = "iPhone Distribution";
				CODE_SIGN_STYLE = Manual;
				DEVELOPMENT_ASSET_PATHS = "\"iosApp/Preview Content\"";
				DEVELOPMENT_TEAM = "$(TEAM_ID)";
				"DEVELOPMENT_TEAM[sdk=iphoneos*]" = 3NXH5U7C5A;
				ENABLE_PREVIEWS = YES;
				GENERATE_INFOPLIST_FILE = YES;
				INFOPLIST_FILE = iosApp/Info.plist;
				INFOPLIST_KEY_UIApplicationSceneManifest_Generation = YES;
				INFOPLIST_KEY_UIApplicationSupportsIndirectInputEvents = YES;
				INFOPLIST_KEY_UILaunchScreen_Generation = YES;
				INFOPLIST_KEY_UISupportedInterfaceOrientations_iPad = "UIInterfaceOrientationPortrait UIInterfaceOrientationPortraitUpsideDown UIInterfaceOrientationLandscapeLeft UIInterfaceOrientationLandscapeRight";
				INFOPLIST_KEY_UISupportedInterfaceOrientations_iPhone = "UIInterfaceOrientationPortrait UIInterfaceOrientationLandscapeLeft UIInterfaceOrientationLandscapeRight";
				LD_RUNPATH_SEARCH_PATHS = (
					"$(inherited)",
					"@executable_path/Frameworks",
				);
				PRODUCT_BUNDLE_IDENTIFIER = al.ahgitdevelopment.municion;
				"PROVISIONING_PROFILE_SPECIFIER[sdk=iphoneos*]" = "match AppStore al.ahgitdevelopment.municion";
				SWIFT_EMIT_LOC_STRINGS = YES;
				SWIFT_VERSION = 5.0;
				TARGETED_DEVICE_FAMILY = "1,2";
			};
			name = Release;
		};
		F71C5E4D8857C5F1D2EB52C7 /* Debug */ = {
			isa = XCBuildConfiguration;
			buildSettings = {
				ARCHS = arm64;
				ASSETCATALOG_COMPILER_APPICON_NAME = AppIcon;
				ASSETCATALOG_COMPILER_GLOBAL_ACCENT_COLOR_NAME = AccentColor;
				CODE_SIGN_ENTITLEMENTS = iosApp/iosAppDebug.entitlements;
				CODE_SIGN_IDENTITY = "Apple Development";
				"CODE_SIGN_IDENTITY[sdk=iphoneos*]" = "iPhone Distribution";
				CODE_SIGN_STYLE = Manual;
				DEVELOPMENT_ASSET_PATHS = "\"iosApp/Preview Content\"";
				DEVELOPMENT_TEAM = "";
				"DEVELOPMENT_TEAM[sdk=iphoneos*]" = 3NXH5U7C5A;
				ENABLE_PREVIEWS = YES;
				GENERATE_INFOPLIST_FILE = YES;
				INFOPLIST_FILE = iosApp/Info.plist;
				INFOPLIST_KEY_UIApplicationSceneManifest_Generation = YES;
				INFOPLIST_KEY_UIApplicationSupportsIndirectInputEvents = YES;
				INFOPLIST_KEY_UILaunchScreen_Generation = YES;
				INFOPLIST_KEY_UISupportedInterfaceOrientations_iPad = "UIInterfaceOrientationPortrait UIInterfaceOrientationPortraitUpsideDown UIInterfaceOrientationLandscapeLeft UIInterfaceOrientationLandscapeRight";
				INFOPLIST_KEY_UISupportedInterfaceOrientations_iPhone = "UIInterfaceOrientationPortrait UIInterfaceOrientationLandscapeLeft UIInterfaceOrientationLandscapeRight";
				LD_RUNPATH_SEARCH_PATHS = (
					"$(inherited)",
					"@executable_path/Frameworks",
				);
				PRODUCT_BUNDLE_IDENTIFIER = al.ahgitdevelopment.municion;
				PROVISIONING_PROFILE_SPECIFIER = "";
				"PROVISIONING_PROFILE_SPECIFIER[sdk=iphoneos*]" = "match AppStore al.ahgitdevelopment.municion";
				SWIFT_EMIT_LOC_STRINGS = YES;
				SWIFT_VERSION = 5.0;
				TARGETED_DEVICE_FAMILY = "1,2";
			};
			name = Debug;
		};
/* End XCBuildConfiguration section */

/* Begin XCConfigurationList section */
		81295A45D66568BC6F22C86E /* Build configuration list for PBXProject "iosApp" */ = {
			isa = XCConfigurationList;
			buildConfigurations = (
				6683620FFCC433BE74262645 /* Debug */,
				62D82A8375173FE417A2742F /* Release */,
			);
			defaultConfigurationIsVisible = 0;
			defaultConfigurationName = Release;
		};
		851A5E3A824AFDF7661B19B1 /* Build configuration list for PBXNativeTarget "iosApp" */ = {
			isa = XCConfigurationList;
			buildConfigurations = (
				F71C5E4D8857C5F1D2EB52C7 /* Debug */,
				E0FD8E8A0CEB41B45D1F6200 /* Release */,
			);
			defaultConfigurationIsVisible = 0;
			defaultConfigurationName = Release;
		};
/* End XCConfigurationList section */

/* Begin XCRemoteSwiftPackageReference section */
		7F126B8F2FD89F5E00295A85 /* XCRemoteSwiftPackageReference "firebase-ios-sdk" */ = {
			isa = XCRemoteSwiftPackageReference;
			repositoryURL = "https://github.com/firebase/firebase-ios-sdk";
			requirement = {
				kind = upToNextMajorVersion;
				minimumVersion = 12.14.0;
			};
		};
		7F126BAA2FD89FA100295A85 /* XCRemoteSwiftPackageReference "GoogleSignIn-iOS" */ = {
			isa = XCRemoteSwiftPackageReference;
			repositoryURL = "https://github.com/google/GoogleSignIn-iOS.git";
			requirement = {
				kind = upToNextMajorVersion;
				minimumVersion = 9.1.0;
			};
		};
		7F126BAF2FD89FDC00295A85 /* XCRemoteSwiftPackageReference "swift-package-manager-google-mobile-ads" */ = {
			isa = XCRemoteSwiftPackageReference;
			repositoryURL = "https://github.com/googleads/swift-package-manager-google-mobile-ads.git";
			requirement = {
				kind = upToNextMajorVersion;
				minimumVersion = 13.5.0;
			};
		};
/* End XCRemoteSwiftPackageReference section */

/* Begin XCSwiftPackageProductDependency section */
		7F126B902FD89F5F00295A85 /* FirebaseAnalytics */ = {
			isa = XCSwiftPackageProductDependency;
			package = 7F126B8F2FD89F5E00295A85 /* XCRemoteSwiftPackageReference "firebase-ios-sdk" */;
			productName = FirebaseAnalytics;
		};
		7F126B922FD89F5F00295A85 /* FirebaseAnalyticsCore */ = {
			isa = XCSwiftPackageProductDependency;
			package = 7F126B8F2FD89F5E00295A85 /* XCRemoteSwiftPackageReference "firebase-ios-sdk" */;
			productName = FirebaseAnalyticsCore;
		};
		7F126B942FD89F5F00295A85 /* FirebaseAppCheck */ = {
			isa = XCSwiftPackageProductDependency;
			package = 7F126B8F2FD89F5E00295A85 /* XCRemoteSwiftPackageReference "firebase-ios-sdk" */;
			productName = FirebaseAppCheck;
		};
		7F126B962FD89F5F00295A85 /* FirebaseAuth */ = {
			isa = XCSwiftPackageProductDependency;
			package = 7F126B8F2FD89F5E00295A85 /* XCRemoteSwiftPackageReference "firebase-ios-sdk" */;
			productName = FirebaseAuth;
		};
		7F126B982FD89F5F00295A85 /* FirebaseCore */ = {
			isa = XCSwiftPackageProductDependency;
			package = 7F126B8F2FD89F5E00295A85 /* XCRemoteSwiftPackageReference "firebase-ios-sdk" */;
			productName = FirebaseCore;
		};
		7F126B9A2FD89F5F00295A85 /* FirebaseCrashlytics */ = {
			isa = XCSwiftPackageProductDependency;
			package = 7F126B8F2FD89F5E00295A85 /* XCRemoteSwiftPackageReference "firebase-ios-sdk" */;
			productName = FirebaseCrashlytics;
		};
		7F126B9C2FD89F5F00295A85 /* FirebaseDatabase */ = {
			isa = XCSwiftPackageProductDependency;
			package = 7F126B8F2FD89F5E00295A85 /* XCRemoteSwiftPackageReference "firebase-ios-sdk" */;
			productName = FirebaseDatabase;
		};
		7F126B9E2FD89F5F00295A85 /* FirebaseFirestore */ = {
			isa = XCSwiftPackageProductDependency;
			package = 7F126B8F2FD89F5E00295A85 /* XCRemoteSwiftPackageReference "firebase-ios-sdk" */;
			productName = FirebaseFirestore;
		};
		7F126BA02FD89F5F00295A85 /* FirebaseFunctions */ = {
			isa = XCSwiftPackageProductDependency;
			package = 7F126B8F2FD89F5E00295A85 /* XCRemoteSwiftPackageReference "firebase-ios-sdk" */;
			productName = FirebaseFunctions;
		};
		7F126BA22FD89F5F00295A85 /* FirebaseInAppMessaging-Beta */ = {
			isa = XCSwiftPackageProductDependency;
			package = 7F126B8F2FD89F5E00295A85 /* XCRemoteSwiftPackageReference "firebase-ios-sdk" */;
			productName = "FirebaseInAppMessaging-Beta";
		};
		7F126BA42FD89F5F00295A85 /* FirebaseMessaging */ = {
			isa = XCSwiftPackageProductDependency;
			package = 7F126B8F2FD89F5E00295A85 /* XCRemoteSwiftPackageReference "firebase-ios-sdk" */;
			productName = FirebaseMessaging;
		};
		7F126BA62FD89F5F00295A85 /* FirebaseRemoteConfig */ = {
			isa = XCSwiftPackageProductDependency;
			package = 7F126B8F2FD89F5E00295A85 /* XCRemoteSwiftPackageReference "firebase-ios-sdk" */;
			productName = FirebaseRemoteConfig;
		};
		7F126BA82FD89F5F00295A85 /* FirebaseStorage */ = {
			isa = XCSwiftPackageProductDependency;
			package = 7F126B8F2FD89F5E00295A85 /* XCRemoteSwiftPackageReference "firebase-ios-sdk" */;
			productName = FirebaseStorage;
		};
		7F126BAB2FD89FA100295A85 /* GoogleSignIn */ = {
			isa = XCSwiftPackageProductDependency;
			package = 7F126BAA2FD89FA100295A85 /* XCRemoteSwiftPackageReference "GoogleSignIn-iOS" */;
			productName = GoogleSignIn;
		};
		7F126BAD2FD89FA100295A85 /* GoogleSignInSwift */ = {
			isa = XCSwiftPackageProductDependency;
			package = 7F126BAA2FD89FA100295A85 /* XCRemoteSwiftPackageReference "GoogleSignIn-iOS" */;
			productName = GoogleSignInSwift;
		};
		7F126BB02FD89FDC00295A85 /* GoogleMobileAds */ = {
			isa = XCSwiftPackageProductDependency;
			package = 7F126BAF2FD89FDC00295A85 /* XCRemoteSwiftPackageReference "swift-package-manager-google-mobile-ads" */;
			productName = GoogleMobileAds;
		};
/* End XCSwiftPackageProductDependency section */
	};
	rootObject = 3706FC9BAB6F4EB9E3152762 /* Project object */;
}
